{
  "version": 4,
  "terraform_version": "1.8.2",
  "serial": 57,
  "lineage": "c433f1bc-3629-342b-c95f-c22d045ab37b",
  "outputs": {},
  "resources": [
    {
      "mode": "managed",
      "type": "openstack_compute_keypair_v2",
      "name": "kp_instances",
      "provider": "provider[\"registry.terraform.io/terraform-provider-openstack/openstack\"]",
      "instances": [
        {
          "schema_version": 0,
          "attributes": {
            "fingerprint": "f3:93:da:bd:4b:42:c6:3a:d1:10:ed:21:a4:9b:72:bb",
            "id": "kp_instances",
            "name": "kp_instances",
            "private_key": "-----BEGIN RSA PRIVATE KEY-----\nMIIEowIBAAKCAQEAuKp2hByhkbUkxkI1v3UKsJXx7awFaGOa/UYwyxc3Lptu3wYk\nc0exX7rAukalPgL01TdQkZ0qgj1KReLBWzMgKRh38bxm/uTHyKF9O03TXnPFl+HY\nxRW1e+21IwUqSJkbwaBmAXATxrut8enzYpqNF2x/FpetsN13EmmXRTObdIa5UGPt\nQbBiylJwm0C7Sa0FFOHn1ThUwvM5TTKat593scmHk0pUMZvm8roeXkCKt9Ynw13o\nP/t3h2FqAZHS4QcjgadgdXtgoO8mpn914FsTQEkAYndqz4dOpc6NBxP3dz+EZs50\nmYbbqIjj6CmwWg5Kxz7U7z/evtsy3Hx7jrMm+wIDAQABAoIBAD0VNaqxhcgasRVb\nZUf1QRn0H1hMpGVJPUU16IHlJf2msF/ZOklfl45gyctT/uiqNa4pY98mq571AxJm\n1SqDmMm/LD2r4i3CI0t8D16Eebwuc1ev/vICIkvh7x6sYLYu3v2HPvaOyhvcjMcO\nadFd6fmri8Y/Wda9CtvuTXk4ft1l+uy8bSCw4Y5c6xEV1OrpxxjeOReLUU13AgVf\nAJaQwnunVmrXdXNS4D2ZkOtkxIaTZ/2q/5vOKfMCoXosuJO2YL6J5Hv8hzyXZPGJ\no88x+3xqFUs1LXFCBCoPuAXlwqoW8B8qpIwsIbys/tcXJge7OK96bsdIDK2qYNW1\n1SA+pDECgYEA5ZAustzaVYCM5ZMrcx/9vxYf5zo/PiaQkVuavC/ZXo8vHpqeAPjV\n3bdBgD1XORGVZBMLcg9Gm4ZhZbNlRUTsLMys9Ptb9Y3JT0hoFWLTB7wi4oFvbXsP\nnCrGhpRdD0AL/LM31Bi9HAtjI5mawezyicCJScTKMbRa/SqOy7rPPtcCgYEAze6m\nPmtg2rrl9Ex+vPJ043mg+/qZYGK0njVdspTjxi6yqlJIam3vTXXVpP18yxRW10eD\n+XOw5PcMw9dY8mh21X0W6kkmWP5VIX6newcQXMhRFQHCwZ4RphqHI3S/i3fHWvGB\nwGzwynH239Ygzx8U/oUyOOH3CNNW3yHrSp8zSH0CgYBoaHZE1VvcDXaHp7LYTpGL\nClYCRaSj8MhJxD8RHjYf4sGMisgYKxSiHYoF+GAmTZADjwHio336mFjN95S0t48v\nJPv5BCWj/hO0IntsVqEiYHgBSttSEOldnrriVLIqkHejPCPFLGc+TROPCnqvfsQk\n0NPgIEfR6XSEtolxsYo2ywKBgQDDmCOQb97bgd8+DZXnEwbQtEqiaqBZOwdAqYFo\nSCCbsOkD+wlLBUXgtcYJYrawEI53BTclrKvcnYYjURvriisslRY5yubAajkjii+7\nG7d/2MeigzyfN+qdcN7gX1g7OLZB+9b4lMCUGHCao8Af2e7P3GUaQA2p9Umyv33D\nL7i+5QKBgAwchxDhbV/uNmWUwr1vyyooHrITopNPA2M8JMomudqPJ1tOWn6iSrIT\ncu+RwnGBhoA4hFTw4ZHYC0vt92G2N/9pGbh7hgALtgtpgmwAriDHDDQx1JgwBgIy\nKlBQ7Ppci/C2K6WdAJezjmbGyev8WAeE3ptk2lmYr/rm5bDdnORV\n-----END RSA PRIVATE KEY-----\n",
            "public_key": "ssh-rsa AAAAB3NzaC1yc2EAAAADAQABAAABAQC4qnaEHKGRtSTGQjW/dQqwlfHtrAVoY5r9RjDLFzcum27fBiRzR7FfusC6RqU+AvTVN1CRnSqCPUpF4sFbMyApGHfxvGb+5MfIoX07TdNec8WX4djFFbV77bUjBSpImRvBoGYBcBPGu63x6fNimo0XbH8Wl62w3XcSaZdFM5t0hrlQY+1BsGLKUnCbQLtJrQUU4efVOFTC8zlNMpq3n3exyYeTSlQxm+byuh5eQIq31ifDXeg/+3eHYWoBkdLhByOBp2B1e2Cg7yamf3XgWxNASQBid2rPh06lzo0HE/d3P4RmznSZhtuoiOPoKbBaDkrHPtTvP96+2zLcfHuOsyb7 Generated-by-Nova",
            "region": "RegionOne",
            "user_id": "",
            "value_specs": null
          },
          "sensitive_attributes": [
            [
              {
                "type": "get_attr",
                "value": "private_key"
              }
            ]
          ],
          "private": "bnVsbA=="
        }
      ]
    },
    {
      "mode": "managed",
      "type": "openstack_images_image_v2",
      "name": "debian_10",
      "provider": "provider[\"registry.terraform.io/terraform-provider-openstack/openstack\"]",
      "instances": [
        {
          "status": "tainted",
          "schema_version": 0,
          "attributes": {
            "checksum": null,
            "container_format": null,
            "created_at": null,
            "decompress": null,
            "disk_format": null,
            "file": null,
            "hidden": null,
            "id": "169c47c5-7843-4b08-b385-bca55c17f8b5",
            "image_cache_path": null,
            "image_id": null,
            "image_source_password": null,
            "image_source_url": null,
            "image_source_username": null,
            "local_file_path": null,
            "metadata": null,
            "min_disk_gb": null,
            "min_ram_mb": null,
            "name": null,
            "owner": null,
            "properties": null,
            "protected": null,
            "region": null,
            "schema": null,
            "size_bytes": null,
            "status": null,
            "tags": null,
            "timeouts": null,
            "updated_at": null,
            "verify_checksum": null,
            "visibility": null,
            "web_download": null
          },
          "sensitive_attributes": [
            [
              {
                "type": "get_attr",
                "value": "image_source_password"
              }
            ]
          ],
          "private": "eyJlMmJmYjczMC1lY2FhLTExZTYtOGY4OC0zNDM2M2JjN2M0YzAiOnsiY3JlYXRlIjoxODAwMDAwMDAwMDAwfX0="
        }
      ]
    },
    {
      "mode": "managed",
      "type": "openstack_networking_network_v2",
      "name": "n_bbdd",
      "provider": "provider[\"registry.terraform.io/terraform-provider-openstack/openstack\"]",
      "instances": [
        {
          "schema_version": 0,
          "attributes": {
            "admin_state_up": true,
            "all_tags": [],
            "availability_zone_hints": [],
            "description": "",
            "dns_domain": "",
            "external": false,
            "id": "1c9b7131-5622-420d-a39f-8d40ea11dec5",
            "mtu": 1442,
            "name": "n_bbdd",
            "port_security_enabled": true,
            "qos_policy_id": "",
            "region": "RegionOne",
            "segments": [
              {
                "network_type": "geneve",
                "physical_network": "",
                "segmentation_id": 31032
              }
            ],
            "shared": false,
            "tags": [],
            "tenant_id": "77892ee399ca4393b569f10e055e7cb6",
            "timeouts": null,
            "transparent_vlan": false,
            "value_specs": null
          },
          "sensitive_attributes": [],
          "private": "eyJlMmJmYjczMC1lY2FhLTExZTYtOGY4OC0zNDM2M2JjN2M0YzAiOnsiY3JlYXRlIjo2MDAwMDAwMDAwMDAsImRlbGV0ZSI6NjAwMDAwMDAwMDAwfX0="
        }
      ]
    },
    {
      "mode": "managed",
      "type": "openstack_networking_network_v2",
      "name": "n_pub",
      "provider": "provider[\"registry.terraform.io/terraform-provider-openstack/openstack\"]",
      "instances": [
        {
          "schema_version": 0,
          "attributes": {
            "admin_state_up": true,
            "all_tags": [],
            "availability_zone_hints": [],
            "description": "",
            "dns_domain": "",
            "external": true,
            "id": "9bc41745-36bb-4f22-bdad-4afd7f731e79",
            "mtu": 1442,
            "name": "n_pub",
            "port_security_enabled": true,
            "qos_policy_id": "",
            "region": "RegionOne",
            "segments": [
              {
                "network_type": "geneve",
                "physical_network": "",
                "segmentation_id": 53472
              }
            ],
            "shared": false,
            "tags": [],
            "tenant_id": "77892ee399ca4393b569f10e055e7cb6",
            "timeouts": null,
            "transparent_vlan": false,
            "value_specs": null
          },
          "sensitive_attributes": [],
          "private": "eyJlMmJmYjczMC1lY2FhLTExZTYtOGY4OC0zNDM2M2JjN2M0YzAiOnsiY3JlYXRlIjo2MDAwMDAwMDAwMDAsImRlbGV0ZSI6NjAwMDAwMDAwMDAwfX0="
        }
      ]
    },
    {
      "mode": "managed",
      "type": "openstack_networking_network_v2",
      "name": "n_web",
      "provider": "provider[\"registry.terraform.io/terraform-provider-openstack/openstack\"]",
      "instances": [
        {
          "schema_version": 0,
          "attributes": {
            "admin_state_up": true,
            "all_tags": [],
            "availability_zone_hints": [],
            "description": "",
            "dns_domain": "",
            "external": false,
            "id": "fa9a1021-7b14-489f-a92c-f2b4b22b1799",
            "mtu": 1442,
            "name": "n_web",
            "port_security_enabled": true,
            "qos_policy_id": "",
            "region": "RegionOne",
            "segments": [
              {
                "network_type": "geneve",
                "physical_network": "",
                "segmentation_id": 33775
              }
            ],
            "shared": false,
            "tags": [],
            "tenant_id": "77892ee399ca4393b569f10e055e7cb6",
            "timeouts": null,
            "transparent_vlan": false,
            "value_specs": null
          },
          "sensitive_attributes": [],
          "private": "eyJlMmJmYjczMC1lY2FhLTExZTYtOGY4OC0zNDM2M2JjN2M0YzAiOnsiY3JlYXRlIjo2MDAwMDAwMDAwMDAsImRlbGV0ZSI6NjAwMDAwMDAwMDAwfX0="
        }
      ]
    },
    {
      "mode": "managed",
      "type": "openstack_networking_port_v2",
      "name": "p_web_priv",
      "provider": "provider[\"registry.terraform.io/terraform-provider-openstack/openstack\"]",
      "instances": [
        {
          "schema_version": 0,
          "attributes": {
            "admin_state_up": true,
            "all_fixed_ips": [
              "10.0.0.223"
            ],
            "all_security_group_ids": [
              "6a737898-1dfa-4183-9d8a-28a6a6fb5fc3"
            ],
            "all_tags": [],
            "allowed_address_pairs": [],
            "binding": [
              {
                "host_id": "",
                "profile": "{}",
                "vif_details": {},
                "vif_type": "unbound",
                "vnic_type": "normal"
              }
            ],
            "description": "",
            "device_id": "",
            "device_owner": "",
            "dns_assignment": [],
            "dns_name": "",
            "extra_dhcp_option": [],
            "fixed_ip": [
              {
                "ip_address": "",
                "subnet_id": "bc605917-528a-4a45-8944-419badc03839"
              }
            ],
            "id": "6d896a64-c767-4167-999f-4c0f70014411",
            "mac_address": "fa:16:3e:75:7a:82",
            "name": "p_web_priv",
            "network_id": "fa9a1021-7b14-489f-a92c-f2b4b22b1799",
            "no_fixed_ip": null,
            "no_security_groups": null,
            "port_security_enabled": true,
            "qos_policy_id": "",
            "region": "RegionOne",
            "security_group_ids": null,
            "tags": [],
            "tenant_id": "77892ee399ca4393b569f10e055e7cb6",
            "timeouts": null,
            "value_specs": null
          },
          "sensitive_attributes": [],
          "private": "eyJlMmJmYjczMC1lY2FhLTExZTYtOGY4OC0zNDM2M2JjN2M0YzAiOnsiY3JlYXRlIjo2MDAwMDAwMDAwMDAsImRlbGV0ZSI6NjAwMDAwMDAwMDAwfX0=",
          "dependencies": [
            "openstack_networking_network_v2.n_web",
            "openstack_networking_subnet_v2.s_web"
          ]
        }
      ]
    },
    {
      "mode": "managed",
      "type": "openstack_networking_port_v2",
      "name": "p_web_pub",
      "provider": "provider[\"registry.terraform.io/terraform-provider-openstack/openstack\"]",
      "instances": [
        {
          "schema_version": 0,
          "attributes": {
            "admin_state_up": true,
            "all_fixed_ips": [
              "172.24.4.77"
            ],
            "all_security_group_ids": [
              "6a737898-1dfa-4183-9d8a-28a6a6fb5fc3"
            ],
            "all_tags": [],
            "allowed_address_pairs": [],
            "binding": [
              {
                "host_id": "",
                "profile": "{}",
                "vif_details": {},
                "vif_type": "unbound",
                "vnic_type": "normal"
              }
            ],
            "description": "",
            "device_id": "",
            "device_owner": "",
            "dns_assignment": [],
            "dns_name": "",
            "extra_dhcp_option": [],
            "fixed_ip": [
              {
                "ip_address": "",
                "subnet_id": "a973c9bb-0d7d-4984-b406-9fd97cc92308"
              }
            ],
            "id": "e4161535-16a7-4b7d-8a04-e79e12a53ff2",
            "mac_address": "fa:16:3e:0d:ba:88",
            "name": "p_web_pub",
            "network_id": "9bc41745-36bb-4f22-bdad-4afd7f731e79",
            "no_fixed_ip": null,
            "no_security_groups": null,
            "port_security_enabled": true,
            "qos_policy_id": "",
            "region": "RegionOne",
            "security_group_ids": null,
            "tags": [],
            "tenant_id": "77892ee399ca4393b569f10e055e7cb6",
            "timeouts": null,
            "value_specs": null
          },
          "sensitive_attributes": [],
          "private": "eyJlMmJmYjczMC1lY2FhLTExZTYtOGY4OC0zNDM2M2JjN2M0YzAiOnsiY3JlYXRlIjo2MDAwMDAwMDAwMDAsImRlbGV0ZSI6NjAwMDAwMDAwMDAwfX0=",
          "dependencies": [
            "openstack_networking_network_v2.n_pub",
            "openstack_networking_subnet_v2.s_pub"
          ]
        }
      ]
    },
    {
      "mode": "managed",
      "type": "openstack_networking_router_interface_v2",
      "name": "r_int_bbdd",
      "provider": "provider[\"registry.terraform.io/terraform-provider-openstack/openstack\"]",
      "instances": [
        {
          "schema_version": 0,
          "attributes": {
            "force_destroy": false,
            "id": "cc4886fd-cdc3-42f3-94ae-881726308664",
            "port_id": "cc4886fd-cdc3-42f3-94ae-881726308664",
            "region": "RegionOne",
            "router_id": "cebe75b9-305d-4209-868e-54140e094a40",
            "subnet_id": "bc78130e-7511-406a-b789-2701ef754167",
            "timeouts": null
          },
          "sensitive_attributes": [],
          "private": "eyJlMmJmYjczMC1lY2FhLTExZTYtOGY4OC0zNDM2M2JjN2M0YzAiOnsiY3JlYXRlIjo2MDAwMDAwMDAwMDAsImRlbGV0ZSI6NjAwMDAwMDAwMDAwfX0=",
          "dependencies": [
            "openstack_networking_network_v2.n_bbdd",
            "openstack_networking_router_v2.r_general",
            "openstack_networking_subnet_v2.s_bbdd"
          ]
        }
      ]
    },
    {
      "mode": "managed",
      "type": "openstack_networking_router_interface_v2",
      "name": "r_int_web",
      "provider": "provider[\"registry.terraform.io/terraform-provider-openstack/openstack\"]",
      "instances": [
        {
          "schema_version": 0,
          "attributes": {
            "force_destroy": false,
            "id": "5b5ef2c1-5bf3-4ff5-b0f0-f3a2348e2395",
            "port_id": "5b5ef2c1-5bf3-4ff5-b0f0-f3a2348e2395",
            "region": "RegionOne",
            "router_id": "cebe75b9-305d-4209-868e-54140e094a40",
            "subnet_id": "bc605917-528a-4a45-8944-419badc03839",
            "timeouts": null
          },
          "sensitive_attributes": [],
          "private": "eyJlMmJmYjczMC1lY2FhLTExZTYtOGY4OC0zNDM2M2JjN2M0YzAiOnsiY3JlYXRlIjo2MDAwMDAwMDAwMDAsImRlbGV0ZSI6NjAwMDAwMDAwMDAwfX0=",
          "dependencies": [
            "openstack_networking_network_v2.n_web",
            "openstack_networking_router_v2.r_general",
            "openstack_networking_subnet_v2.s_web"
          ]
        }
      ]
    },
    {
      "mode": "managed",
      "type": "openstack_networking_router_v2",
      "name": "r_general",
      "provider": "provider[\"registry.terraform.io/terraform-provider-openstack/openstack\"]",
      "instances": [
        {
          "schema_version": 0,
          "attributes": {
            "admin_state_up": true,
            "all_tags": [],
            "availability_zone_hints": [],
            "description": "",
            "distributed": false,
            "enable_snat": false,
            "external_fixed_ip": [],
            "external_network_id": "",
            "external_subnet_ids": null,
            "id": "cebe75b9-305d-4209-868e-54140e094a40",
            "name": "r_general",
            "region": "RegionOne",
            "tags": [],
            "tenant_id": "77892ee399ca4393b569f10e055e7cb6",
            "timeouts": null,
            "value_specs": null,
            "vendor_options": []
          },
          "sensitive_attributes": [],
          "private": "eyJlMmJmYjczMC1lY2FhLTExZTYtOGY4OC0zNDM2M2JjN2M0YzAiOnsiY3JlYXRlIjo2MDAwMDAwMDAwMDAsImRlbGV0ZSI6NjAwMDAwMDAwMDAwfX0="
        }
      ]
    },
    {
      "mode": "managed",
      "type": "openstack_networking_secgroup_rule_v2",
      "name": "sg_web_rule_ssh",
      "provider": "provider[\"registry.terraform.io/terraform-provider-openstack/openstack\"]",
      "instances": [
        {
          "schema_version": 0,
          "attributes": {
            "description": "",
            "direction": "ingress",
            "ethertype": "IPv4",
            "id": "2dcfd766-8004-4ff2-98ca-4b86323b1b98",
            "port_range_max": 22,
            "port_range_min": 22,
            "protocol": "tcp",
            "region": "RegionOne",
            "remote_group_id": "",
            "remote_ip_prefix": "0.0.0.0/0",
            "security_group_id": "901a2508-3585-4382-a8d7-f9d417bea35b",
            "tenant_id": "77892ee399ca4393b569f10e055e7cb6",
            "timeouts": null
          },
          "sensitive_attributes": [],
          "private": "eyJlMmJmYjczMC1lY2FhLTExZTYtOGY4OC0zNDM2M2JjN2M0YzAiOnsiZGVsZXRlIjo2MDAwMDAwMDAwMDB9fQ==",
          "dependencies": [
            "openstack_networking_secgroup_v2.sg_web"
          ]
        }
      ]
    },
    {
      "mode": "managed",
      "type": "openstack_networking_secgroup_v2",
      "name": "sg_web",
      "provider": "provider[\"registry.terraform.io/terraform-provider-openstack/openstack\"]",
      "instances": [
        {
          "schema_version": 0,
          "attributes": {
            "all_tags": [],
            "delete_default_rules": null,
            "description": "",
            "id": "901a2508-3585-4382-a8d7-f9d417bea35b",
            "name": "sg_web",
            "region": "RegionOne",
            "tags": [],
            "tenant_id": "77892ee399ca4393b569f10e055e7cb6",
            "timeouts": null
          },
          "sensitive_attributes": [],
          "private": "eyJlMmJmYjczMC1lY2FhLTExZTYtOGY4OC0zNDM2M2JjN2M0YzAiOnsiZGVsZXRlIjo2MDAwMDAwMDAwMDB9fQ=="
        }
      ]
    },
    {
      "mode": "managed",
      "type": "openstack_networking_subnet_v2",
      "name": "s_bbdd",
      "provider": "provider[\"registry.terraform.io/terraform-provider-openstack/openstack\"]",
      "instances": [
        {
          "schema_version": 0,
          "attributes": {
            "all_tags": [],
            "allocation_pool": [
              {
                "end": "10.1.0.254",
                "start": "10.1.0.2"
              }
            ],
            "cidr": "10.1.0.0/24",
            "description": "",
            "dns_nameservers": [],
            "enable_dhcp": true,
            "gateway_ip": "10.1.0.1",
            "id": "bc78130e-7511-406a-b789-2701ef754167",
            "ip_version": 4,
            "ipv6_address_mode": "",
            "ipv6_ra_mode": "",
            "name": "s_bbdd",
            "network_id": "1c9b7131-5622-420d-a39f-8d40ea11dec5",
            "no_gateway": false,
            "prefix_length": null,
            "region": "RegionOne",
            "service_types": [],
            "subnetpool_id": "",
            "tags": [],
            "tenant_id": "77892ee399ca4393b569f10e055e7cb6",
            "timeouts": null,
            "value_specs": null
          },
          "sensitive_attributes": [],
          "private": "eyJlMmJmYjczMC1lY2FhLTExZTYtOGY4OC0zNDM2M2JjN2M0YzAiOnsiY3JlYXRlIjo2MDAwMDAwMDAwMDAsImRlbGV0ZSI6NjAwMDAwMDAwMDAwfX0=",
          "dependencies": [
            "openstack_networking_network_v2.n_bbdd"
          ]
        }
      ]
    },
    {
      "mode": "managed",
      "type": "openstack_networking_subnet_v2",
      "name": "s_pub",
      "provider": "provider[\"registry.terraform.io/terraform-provider-openstack/openstack\"]",
      "instances": [
        {
          "schema_version": 0,
          "attributes": {
            "all_tags": [],
            "allocation_pool": [
              {
                "end": "172.24.4.200",
                "start": "172.24.4.10"
              }
            ],
            "cidr": "172.24.4.0/24",
            "description": "",
            "dns_nameservers": [],
            "enable_dhcp": false,
            "gateway_ip": "172.24.4.1",
            "id": "a973c9bb-0d7d-4984-b406-9fd97cc92308",
            "ip_version": 4,
            "ipv6_address_mode": "",
            "ipv6_ra_mode": "",
            "name": "",
            "network_id": "9bc41745-36bb-4f22-bdad-4afd7f731e79",
            "no_gateway": false,
            "prefix_length": null,
            "region": "RegionOne",
            "service_types": [],
            "subnetpool_id": "",
            "tags": [],
            "tenant_id": "77892ee399ca4393b569f10e055e7cb6",
            "timeouts": null,
            "value_specs": null
          },
          "sensitive_attributes": [],
          "private": "eyJlMmJmYjczMC1lY2FhLTExZTYtOGY4OC0zNDM2M2JjN2M0YzAiOnsiY3JlYXRlIjo2MDAwMDAwMDAwMDAsImRlbGV0ZSI6NjAwMDAwMDAwMDAwfX0=",
          "dependencies": [
            "openstack_networking_network_v2.n_pub"
          ]
        }
      ]
    },
    {
      "mode": "managed",
      "type": "openstack_networking_subnet_v2",
      "name": "s_web",
      "provider": "provider[\"registry.terraform.io/terraform-provider-openstack/openstack\"]",
      "instances": [
        {
          "schema_version": 0,
          "attributes": {
            "all_tags": [],
            "allocation_pool": [
              {
                "end": "10.0.0.254",
                "start": "10.0.0.2"
              }
            ],
            "cidr": "10.0.0.0/24",
            "description": "",
            "dns_nameservers": [],
            "enable_dhcp": true,
            "gateway_ip": "10.0.0.1",
            "id": "bc605917-528a-4a45-8944-419badc03839",
            "ip_version": 4,
            "ipv6_address_mode": "",
            "ipv6_ra_mode": "",
            "name": "s_web",
            "network_id": "fa9a1021-7b14-489f-a92c-f2b4b22b1799",
            "no_gateway": false,
            "prefix_length": null,
            "region": "RegionOne",
            "service_types": [],
            "subnetpool_id": "",
            "tags": [],
            "tenant_id": "77892ee399ca4393b569f10e055e7cb6",
            "timeouts": null,
            "value_specs": null
          },
          "sensitive_attributes": [],
          "private": "eyJlMmJmYjczMC1lY2FhLTExZTYtOGY4OC0zNDM2M2JjN2M0YzAiOnsiY3JlYXRlIjo2MDAwMDAwMDAwMDAsImRlbGV0ZSI6NjAwMDAwMDAwMDAwfX0=",
          "dependencies": [
            "openstack_networking_network_v2.n_web"
          ]
        }
      ]
    }
  ],
  "check_results": null
}
