{
  "version": 4,
  "terraform_version": "1.8.2",
  "serial": 75,
  "lineage": "c433f1bc-3629-342b-c95f-c22d045ab37b",
  "outputs": {},
  "resources": [
    {
      "mode": "managed",
      "type": "openstack_blockstorage_volume_v3",
      "name": "v_web_userFiles",
      "provider": "provider[\"registry.terraform.io/terraform-provider-openstack/openstack\"]",
      "instances": [
        {
          "schema_version": 0,
          "attributes": {
            "attachment": [],
            "availability_zone": "nova",
            "backup_id": "",
            "consistency_group_id": null,
            "description": "Volumen para los datos de los usuarios",
            "enable_online_resize": null,
            "id": "f68afd1d-4235-4371-a515-2bfd3d8aaa13",
            "image_id": null,
            "metadata": {},
            "name": "v_web_userFiles",
            "region": "RegionOne",
            "scheduler_hints": [],
            "size": 5,
            "snapshot_id": "",
            "source_replica": null,
            "source_vol_id": "",
            "timeouts": null,
            "volume_type": "lvmdriver-1"
          },
          "sensitive_attributes": [],
          "private": "eyJlMmJmYjczMC1lY2FhLTExZTYtOGY4OC0zNDM2M2JjN2M0YzAiOnsiY3JlYXRlIjo2MDAwMDAwMDAwMDAsImRlbGV0ZSI6NjAwMDAwMDAwMDAwfX0="
        }
      ]
    },
    {
      "mode": "managed",
      "type": "openstack_compute_instance_v2",
      "name": "i_nxtcld",
      "provider": "provider[\"registry.terraform.io/terraform-provider-openstack/openstack\"]",
      "instances": [
        {
          "status": "tainted",
          "schema_version": 0,
          "attributes": {
            "access_ip_v4": null,
            "access_ip_v6": null,
            "admin_pass": null,
            "all_metadata": null,
            "all_tags": [],
            "availability_zone": null,
            "availability_zone_hints": null,
            "block_device": [],
            "config_drive": null,
            "created": null,
            "flavor_id": "3",
            "flavor_name": null,
            "force_delete": false,
            "id": "512633e9-8cf4-4d0f-9637-aef73558fec5",
            "image_id": "f11e74bd-944f-4cea-bf12-a9fa33ba4f82",
            "image_name": null,
            "key_pair": "kp_instances",
            "metadata": null,
            "name": "i_nxtcld",
            "network": [
              {
                "access_network": false,
                "fixed_ip_v4": "",
                "fixed_ip_v6": "",
                "mac": "",
                "name": "n_web",
                "port": "cf7dcf70-b355-4514-9896-7613c3556ed4",
                "uuid": ""
              }
            ],
            "network_mode": null,
            "personality": [],
            "power_state": "active",
            "region": null,
            "scheduler_hints": [],
            "security_groups": [
              "94127140-58ab-4d3b-8f1c-93705cb8819e"
            ],
            "stop_before_destroy": false,
            "tags": null,
            "timeouts": null,
            "updated": null,
            "user_data": null,
            "vendor_options": []
          },
          "sensitive_attributes": [
            [
              {
                "type": "get_attr",
                "value": "admin_pass"
              }
            ]
          ],
          "private": "eyJlMmJmYjczMC1lY2FhLTExZTYtOGY4OC0zNDM2M2JjN2M0YzAiOnsiY3JlYXRlIjoxODAwMDAwMDAwMDAwLCJkZWxldGUiOjE4MDAwMDAwMDAwMDAsInVwZGF0ZSI6MTgwMDAwMDAwMDAwMH19",
          "dependencies": [
            "openstack_compute_keypair_v2.kp_instances",
            "openstack_images_image_v2.debian_10",
            "openstack_networking_network_v2.n_web",
            "openstack_networking_port_v2.p_web_priv",
            "openstack_networking_secgroup_v2.sg_web",
            "openstack_networking_subnet_v2.s_web"
          ]
        }
      ]
    },
    {
      "mode": "managed",
      "type": "openstack_compute_keypair_v2",
      "name": "kp_instances",
      "provider": "provider[\"registry.terraform.io/terraform-provider-openstack/openstack\"]",
      "instances": [
        {
          "schema_version": 0,
          "attributes": {
            "fingerprint": "9c:fb:62:a6:b3:75:7b:4e:6e:c5:6a:e8:f4:c7:49:71",
            "id": "kp_instances",
            "name": "kp_instances",
            "private_key": "-----BEGIN RSA PRIVATE KEY-----\nMIIEowIBAAKCAQEAwA6R5t5SATVG4cepfWQdMRGzmkums3TmAaO86b/UvlDd+Rl5\nDmb+pBGwzQejEaX3oiovvP5VVyODrQXYCRIpcZrd4RNkzT6YpIamoOj2or00Xd6+\nc+ORireN3KA790PSizR37Uz5ihNuW6GRhzY0A04bzJn4Ui2IQY7Vc+sHwiyxL6KO\ncg3oarosjHNtjdgSUr/B9p9XTLdnAHpuuq9SlGoE8iJNCmq1HPZglxBJvoJCDTRV\nxixLqdcT9LsV5usuzFICE/Qm6FopyVg8ZWpxSEGknlMhyDoQt6Uri+HNURbLNVWe\neotRBmzHW/woLBzUQKgx2lFrEon368ZEmgGZDQIDAQABAoIBAAmALwOGt/PLWOhO\nYjoLu83znDjjySlTfRVTrkK59KI9id2KvwxRWANxxJc/63cyCKADCj2FL1+SKC9k\n/JzmQxqVmKhLt07X6+EnsBKBs8G1LmP+YtmExmxgTCo/2veOaVntjIk2p5mHAIyT\n34kay1Pmh0WF0FzwV682i6SiWc3nJiL5E2mjiQlFryR+e3TJZBKsKVbnZ35yTrZJ\nNAAjqXeYBkgufRa7mQ36bbNrb+8FCKTWcxGCWa1o/xEL/mOhtK51v/c0utjLyJ7H\nIFKN69tQcLsQ0eA1BeVlckQgLdhTAD4tg5pU6QF6bx6v0ZJ1RNZeBhhn90GK5DX/\nD1mfOkECgYEA4yWX6VMfcv9k8N++A1ZYK7SZ8R/oqrfnfQXqbOrj9CEJkbXxTVNg\nczSVW4vhWofcgYzuxCItkdshWLCTpyS1BTabXuVuRpVLXuGldv+jnq6dbqYZf20l\nhp6lHbCcgVVrBDgSqzhwBpf+eN2BA21LFMTNugOwcX6/U3pAY6CCu8UCgYEA2HPq\nPU5kiPBAMi9YFXe1hzmHkl+T5hQd/xgaA0jzg3bkK9Xzn3DdvR/aLNpzrw8W2rol\nCxcDDdf5cdOgSp91yEnf0qRwjUrLuDmuvGvCNda8XsD8cSjJ1OwK+k6uKaxTIqbl\nADhuuodteEGa3dBw1hibayuWvH+Qs9mnkaQrVKkCgYEAx7QemjnFlaJrCcd81IxO\nWqafDbrjIW0srePMllPxdIqzUhNngneCfedGRUV3LNP0D0ZsCa6O6ASDjek496Oz\nL1EySr1mNdI+gL3cbwIUxYd5zHVmR30bl/7U5oSHJMKHox71cuncvD9XsMX2DqBB\neZIJ2bgyoaYw6mC6SZ0uM40CgYBrDWFTctscMx6881dwPqWEPLrFdQnz6A0x5hyv\ndTwi0AFngMieGbdBW2iPeHdwpFjcUuYRRw9WoHOZjV4gqh8ZsRfG2VdlOhHpinXW\ncME72XmOr4nq+Y5hBWEkjRdsOvNfFwX5hu+Ux3gn2uKaRAYajU8IwSUrEzhhCwvq\nZzSbCQKBgEQP79agxAki+TmpHqUK1+Iy4XE6b0kddM8n4IM1rNWAhoJSodVANtQi\nEGUAkBp0Ik1L0biYyFxv164o/22Rv27ZdoXDvBDS1QdYlKRjhhgzrtwrCjNYzqg9\nTNSs+vXNUEJvu3sAeaAjCIw/nPWRBFEr/E9G1Z9uq4otgYwWFEjm\n-----END RSA PRIVATE KEY-----\n",
            "public_key": "ssh-rsa AAAAB3NzaC1yc2EAAAADAQABAAABAQDADpHm3lIBNUbhx6l9ZB0xEbOaS6azdOYBo7zpv9S+UN35GXkOZv6kEbDNB6MRpfeiKi+8/lVXI4OtBdgJEilxmt3hE2TNPpikhqag6PaivTRd3r5z45GKt43coDv3Q9KLNHftTPmKE25boZGHNjQDThvMmfhSLYhBjtVz6wfCLLEvoo5yDehquiyMc22N2BJSv8H2n1dMt2cAem66r1KUagTyIk0KarUc9mCXEEm+gkINNFXGLEup1xP0uxXm6y7MUgIT9CboWinJWDxlanFIQaSeUyHIOhC3pSuL4c1RFss1VZ56i1EGbMdb/CgsHNRAqDHaUWsSiffrxkSaAZkN Generated-by-Nova",
            "region": "RegionOne",
            "user_id": "",
            "value_specs": null
          },
          "sensitive_attributes": [
            [
              {
                "type": "get_attr",
                "value": "private_key"
              }
            ]
          ],
          "private": "bnVsbA=="
        }
      ]
    },
    {
      "mode": "managed",
      "type": "openstack_images_image_v2",
      "name": "debian_10",
      "provider": "provider[\"registry.terraform.io/terraform-provider-openstack/openstack\"]",
      "instances": [
        {
          "schema_version": 0,
          "attributes": {
            "checksum": "e2b95577cd2b9537618928aae2f4975c",
            "container_format": "bare",
            "created_at": "2024-05-28T17:11:38Z",
            "decompress": null,
            "disk_format": "qcow2",
            "file": "/v2/images/f11e74bd-944f-4cea-bf12-a9fa33ba4f82/file",
            "hidden": false,
            "id": "f11e74bd-944f-4cea-bf12-a9fa33ba4f82",
            "image_cache_path": "/.terraform/image_cache",
            "image_id": "f11e74bd-944f-4cea-bf12-a9fa33ba4f82",
            "image_source_password": null,
            "image_source_url": "https://cloud.debian.org/images/cloud/bookworm/latest/debian-12-generic-amd64.qcow2",
            "image_source_username": null,
            "local_file_path": null,
            "metadata": {},
            "min_disk_gb": 0,
            "min_ram_mb": 0,
            "name": "debian_10",
            "owner": "81a9eb75059545b397d7e92b60bfb071",
            "properties": {
              "os_hash_algo": "sha512",
              "os_hash_value": "f7ac3fb9d45cdee99b25ce41c3a0322c0555d4f82d967b57b3167fce878bde09590515052c5193a1c6d69978c9fe1683338b4d93e070b5b3d04e99be00018f25"
            },
            "protected": false,
            "region": "RegionOne",
            "schema": "/v2/schemas/image",
            "size_bytes": 444803072,
            "status": "active",
            "tags": null,
            "timeouts": null,
            "updated_at": "2024-05-28T17:13:24Z",
            "verify_checksum": null,
            "visibility": "private",
            "web_download": null
          },
          "sensitive_attributes": [
            [
              {
                "type": "get_attr",
                "value": "image_source_password"
              }
            ]
          ],
          "private": "eyJlMmJmYjczMC1lY2FhLTExZTYtOGY4OC0zNDM2M2JjN2M0YzAiOnsiY3JlYXRlIjoxODAwMDAwMDAwMDAwfX0="
        }
      ]
    },
    {
      "mode": "managed",
      "type": "openstack_networking_network_v2",
      "name": "n_bbdd",
      "provider": "provider[\"registry.terraform.io/terraform-provider-openstack/openstack\"]",
      "instances": [
        {
          "schema_version": 0,
          "attributes": {
            "admin_state_up": true,
            "all_tags": [],
            "availability_zone_hints": [],
            "description": "",
            "dns_domain": "",
            "external": false,
            "id": "89cda252-6bd9-49a8-9159-776619027e47",
            "mtu": 1442,
            "name": "n_bbdd",
            "port_security_enabled": true,
            "qos_policy_id": "",
            "region": "RegionOne",
            "segments": [
              {
                "network_type": "geneve",
                "physical_network": "",
                "segmentation_id": 29726
              }
            ],
            "shared": false,
            "tags": null,
            "tenant_id": "81a9eb75059545b397d7e92b60bfb071",
            "timeouts": null,
            "transparent_vlan": false,
            "value_specs": null
          },
          "sensitive_attributes": [],
          "private": "eyJlMmJmYjczMC1lY2FhLTExZTYtOGY4OC0zNDM2M2JjN2M0YzAiOnsiY3JlYXRlIjo2MDAwMDAwMDAwMDAsImRlbGV0ZSI6NjAwMDAwMDAwMDAwfX0="
        }
      ]
    },
    {
      "mode": "managed",
      "type": "openstack_networking_network_v2",
      "name": "n_pub",
      "provider": "provider[\"registry.terraform.io/terraform-provider-openstack/openstack\"]",
      "instances": [
        {
          "schema_version": 0,
          "attributes": {
            "admin_state_up": true,
            "all_tags": [],
            "availability_zone_hints": [],
            "description": "",
            "dns_domain": "",
            "external": true,
            "id": "3f223315-adea-407b-b859-015585a16a56",
            "mtu": 1442,
            "name": "n_pub",
            "port_security_enabled": true,
            "qos_policy_id": "",
            "region": "RegionOne",
            "segments": [
              {
                "network_type": "geneve",
                "physical_network": "",
                "segmentation_id": 47420
              }
            ],
            "shared": false,
            "tags": null,
            "tenant_id": "81a9eb75059545b397d7e92b60bfb071",
            "timeouts": null,
            "transparent_vlan": false,
            "value_specs": null
          },
          "sensitive_attributes": [],
          "private": "eyJlMmJmYjczMC1lY2FhLTExZTYtOGY4OC0zNDM2M2JjN2M0YzAiOnsiY3JlYXRlIjo2MDAwMDAwMDAwMDAsImRlbGV0ZSI6NjAwMDAwMDAwMDAwfX0="
        }
      ]
    },
    {
      "mode": "managed",
      "type": "openstack_networking_network_v2",
      "name": "n_web",
      "provider": "provider[\"registry.terraform.io/terraform-provider-openstack/openstack\"]",
      "instances": [
        {
          "schema_version": 0,
          "attributes": {
            "admin_state_up": true,
            "all_tags": [],
            "availability_zone_hints": [],
            "description": "",
            "dns_domain": "",
            "external": false,
            "id": "6d0e4e41-da81-4237-9eeb-87559d364fc6",
            "mtu": 1442,
            "name": "n_web",
            "port_security_enabled": true,
            "qos_policy_id": "",
            "region": "RegionOne",
            "segments": [
              {
                "network_type": "geneve",
                "physical_network": "",
                "segmentation_id": 36318
              }
            ],
            "shared": false,
            "tags": null,
            "tenant_id": "81a9eb75059545b397d7e92b60bfb071",
            "timeouts": null,
            "transparent_vlan": false,
            "value_specs": null
          },
          "sensitive_attributes": [],
          "private": "eyJlMmJmYjczMC1lY2FhLTExZTYtOGY4OC0zNDM2M2JjN2M0YzAiOnsiY3JlYXRlIjo2MDAwMDAwMDAwMDAsImRlbGV0ZSI6NjAwMDAwMDAwMDAwfX0="
        }
      ]
    },
    {
      "mode": "managed",
      "type": "openstack_networking_port_v2",
      "name": "p_web_priv",
      "provider": "provider[\"registry.terraform.io/terraform-provider-openstack/openstack\"]",
      "instances": [
        {
          "schema_version": 0,
          "attributes": {
            "admin_state_up": true,
            "all_fixed_ips": [
              "10.0.0.151"
            ],
            "all_security_group_ids": [
              "18752b27-0145-4d8d-9b1c-0cd40940ded5"
            ],
            "all_tags": [],
            "allowed_address_pairs": [],
            "binding": [
              {
                "host_id": "",
                "profile": "{}",
                "vif_details": {},
                "vif_type": "unbound",
                "vnic_type": "normal"
              }
            ],
            "description": "",
            "device_id": "",
            "device_owner": "",
            "dns_assignment": [],
            "dns_name": "",
            "extra_dhcp_option": [],
            "fixed_ip": [
              {
                "ip_address": "",
                "subnet_id": "72c347e6-5df8-42b6-a597-c83d059e9e80"
              }
            ],
            "id": "cf7dcf70-b355-4514-9896-7613c3556ed4",
            "mac_address": "fa:16:3e:ae:ca:a4",
            "name": "p_web_priv",
            "network_id": "6d0e4e41-da81-4237-9eeb-87559d364fc6",
            "no_fixed_ip": null,
            "no_security_groups": null,
            "port_security_enabled": true,
            "qos_policy_id": "",
            "region": "RegionOne",
            "security_group_ids": null,
            "tags": null,
            "tenant_id": "81a9eb75059545b397d7e92b60bfb071",
            "timeouts": null,
            "value_specs": null
          },
          "sensitive_attributes": [],
          "private": "eyJlMmJmYjczMC1lY2FhLTExZTYtOGY4OC0zNDM2M2JjN2M0YzAiOnsiY3JlYXRlIjo2MDAwMDAwMDAwMDAsImRlbGV0ZSI6NjAwMDAwMDAwMDAwfX0=",
          "dependencies": [
            "openstack_networking_network_v2.n_web",
            "openstack_networking_subnet_v2.s_web"
          ]
        }
      ]
    },
    {
      "mode": "managed",
      "type": "openstack_networking_port_v2",
      "name": "p_web_pub",
      "provider": "provider[\"registry.terraform.io/terraform-provider-openstack/openstack\"]",
      "instances": [
        {
          "schema_version": 0,
          "attributes": {
            "admin_state_up": true,
            "all_fixed_ips": [
              "172.24.4.121"
            ],
            "all_security_group_ids": [
              "18752b27-0145-4d8d-9b1c-0cd40940ded5"
            ],
            "all_tags": [],
            "allowed_address_pairs": [],
            "binding": [
              {
                "host_id": "",
                "profile": "{}",
                "vif_details": {},
                "vif_type": "unbound",
                "vnic_type": "normal"
              }
            ],
            "description": "",
            "device_id": "",
            "device_owner": "",
            "dns_assignment": [],
            "dns_name": "",
            "extra_dhcp_option": [],
            "fixed_ip": [
              {
                "ip_address": "",
                "subnet_id": "0069da1b-50fe-412a-af96-e299c830f979"
              }
            ],
            "id": "4d62c83a-c77a-4f2e-af65-300ec5f25ecd",
            "mac_address": "fa:16:3e:15:40:8a",
            "name": "p_web_pub",
            "network_id": "3f223315-adea-407b-b859-015585a16a56",
            "no_fixed_ip": null,
            "no_security_groups": null,
            "port_security_enabled": true,
            "qos_policy_id": "",
            "region": "RegionOne",
            "security_group_ids": null,
            "tags": null,
            "tenant_id": "81a9eb75059545b397d7e92b60bfb071",
            "timeouts": null,
            "value_specs": null
          },
          "sensitive_attributes": [],
          "private": "eyJlMmJmYjczMC1lY2FhLTExZTYtOGY4OC0zNDM2M2JjN2M0YzAiOnsiY3JlYXRlIjo2MDAwMDAwMDAwMDAsImRlbGV0ZSI6NjAwMDAwMDAwMDAwfX0=",
          "dependencies": [
            "openstack_networking_network_v2.n_pub",
            "openstack_networking_subnet_v2.s_pub"
          ]
        }
      ]
    },
    {
      "mode": "managed",
      "type": "openstack_networking_router_interface_v2",
      "name": "r_int_bbdd",
      "provider": "provider[\"registry.terraform.io/terraform-provider-openstack/openstack\"]",
      "instances": [
        {
          "schema_version": 0,
          "attributes": {
            "force_destroy": false,
            "id": "e1fdc633-1a95-426b-812c-34c9f6a29897",
            "port_id": "e1fdc633-1a95-426b-812c-34c9f6a29897",
            "region": "RegionOne",
            "router_id": "1deac447-e10a-40b4-b1a8-eb7856b150e0",
            "subnet_id": "46cef110-2bcc-40c0-be70-632f1cc2136d",
            "timeouts": null
          },
          "sensitive_attributes": [],
          "private": "eyJlMmJmYjczMC1lY2FhLTExZTYtOGY4OC0zNDM2M2JjN2M0YzAiOnsiY3JlYXRlIjo2MDAwMDAwMDAwMDAsImRlbGV0ZSI6NjAwMDAwMDAwMDAwfX0=",
          "dependencies": [
            "openstack_networking_network_v2.n_bbdd",
            "openstack_networking_router_v2.r_general",
            "openstack_networking_subnet_v2.s_bbdd"
          ]
        }
      ]
    },
    {
      "mode": "managed",
      "type": "openstack_networking_router_interface_v2",
      "name": "r_int_web",
      "provider": "provider[\"registry.terraform.io/terraform-provider-openstack/openstack\"]",
      "instances": [
        {
          "schema_version": 0,
          "attributes": {
            "force_destroy": false,
            "id": "064c4980-b061-4bf1-8a66-bcf506f1679c",
            "port_id": "064c4980-b061-4bf1-8a66-bcf506f1679c",
            "region": "RegionOne",
            "router_id": "1deac447-e10a-40b4-b1a8-eb7856b150e0",
            "subnet_id": "72c347e6-5df8-42b6-a597-c83d059e9e80",
            "timeouts": null
          },
          "sensitive_attributes": [],
          "private": "eyJlMmJmYjczMC1lY2FhLTExZTYtOGY4OC0zNDM2M2JjN2M0YzAiOnsiY3JlYXRlIjo2MDAwMDAwMDAwMDAsImRlbGV0ZSI6NjAwMDAwMDAwMDAwfX0=",
          "dependencies": [
            "openstack_networking_network_v2.n_web",
            "openstack_networking_router_v2.r_general",
            "openstack_networking_subnet_v2.s_web"
          ]
        }
      ]
    },
    {
      "mode": "managed",
      "type": "openstack_networking_router_v2",
      "name": "r_general",
      "provider": "provider[\"registry.terraform.io/terraform-provider-openstack/openstack\"]",
      "instances": [
        {
          "schema_version": 0,
          "attributes": {
            "admin_state_up": true,
            "all_tags": [],
            "availability_zone_hints": [],
            "description": "",
            "distributed": false,
            "enable_snat": false,
            "external_fixed_ip": [],
            "external_network_id": "",
            "external_subnet_ids": null,
            "id": "1deac447-e10a-40b4-b1a8-eb7856b150e0",
            "name": "r_general",
            "region": "RegionOne",
            "tags": null,
            "tenant_id": "81a9eb75059545b397d7e92b60bfb071",
            "timeouts": null,
            "value_specs": null,
            "vendor_options": []
          },
          "sensitive_attributes": [],
          "private": "eyJlMmJmYjczMC1lY2FhLTExZTYtOGY4OC0zNDM2M2JjN2M0YzAiOnsiY3JlYXRlIjo2MDAwMDAwMDAwMDAsImRlbGV0ZSI6NjAwMDAwMDAwMDAwfX0="
        }
      ]
    },
    {
      "mode": "managed",
      "type": "openstack_networking_secgroup_rule_v2",
      "name": "sg_web_rule_ssh",
      "provider": "provider[\"registry.terraform.io/terraform-provider-openstack/openstack\"]",
      "instances": [
        {
          "schema_version": 0,
          "attributes": {
            "description": "",
            "direction": "ingress",
            "ethertype": "IPv4",
            "id": "106019ae-061c-4696-a72c-de20a02fc704",
            "port_range_max": 22,
            "port_range_min": 22,
            "protocol": "tcp",
            "region": "RegionOne",
            "remote_group_id": "",
            "remote_ip_prefix": "0.0.0.0/0",
            "security_group_id": "94127140-58ab-4d3b-8f1c-93705cb8819e",
            "tenant_id": "81a9eb75059545b397d7e92b60bfb071",
            "timeouts": null
          },
          "sensitive_attributes": [],
          "private": "eyJlMmJmYjczMC1lY2FhLTExZTYtOGY4OC0zNDM2M2JjN2M0YzAiOnsiZGVsZXRlIjo2MDAwMDAwMDAwMDB9fQ==",
          "dependencies": [
            "openstack_networking_secgroup_v2.sg_web"
          ]
        }
      ]
    },
    {
      "mode": "managed",
      "type": "openstack_networking_secgroup_v2",
      "name": "sg_web",
      "provider": "provider[\"registry.terraform.io/terraform-provider-openstack/openstack\"]",
      "instances": [
        {
          "schema_version": 0,
          "attributes": {
            "all_tags": [],
            "delete_default_rules": null,
            "description": "",
            "id": "94127140-58ab-4d3b-8f1c-93705cb8819e",
            "name": "sg_web",
            "region": "RegionOne",
            "tags": null,
            "tenant_id": "81a9eb75059545b397d7e92b60bfb071",
            "timeouts": null
          },
          "sensitive_attributes": [],
          "private": "eyJlMmJmYjczMC1lY2FhLTExZTYtOGY4OC0zNDM2M2JjN2M0YzAiOnsiZGVsZXRlIjo2MDAwMDAwMDAwMDB9fQ=="
        }
      ]
    },
    {
      "mode": "managed",
      "type": "openstack_networking_subnet_v2",
      "name": "s_bbdd",
      "provider": "provider[\"registry.terraform.io/terraform-provider-openstack/openstack\"]",
      "instances": [
        {
          "schema_version": 0,
          "attributes": {
            "all_tags": [],
            "allocation_pool": [
              {
                "end": "10.1.0.254",
                "start": "10.1.0.2"
              }
            ],
            "cidr": "10.1.0.0/24",
            "description": "",
            "dns_nameservers": null,
            "enable_dhcp": true,
            "gateway_ip": "10.1.0.1",
            "id": "46cef110-2bcc-40c0-be70-632f1cc2136d",
            "ip_version": 4,
            "ipv6_address_mode": "",
            "ipv6_ra_mode": "",
            "name": "s_bbdd",
            "network_id": "89cda252-6bd9-49a8-9159-776619027e47",
            "no_gateway": false,
            "prefix_length": null,
            "region": "RegionOne",
            "service_types": [],
            "subnetpool_id": "",
            "tags": null,
            "tenant_id": "81a9eb75059545b397d7e92b60bfb071",
            "timeouts": null,
            "value_specs": null
          },
          "sensitive_attributes": [],
          "private": "eyJlMmJmYjczMC1lY2FhLTExZTYtOGY4OC0zNDM2M2JjN2M0YzAiOnsiY3JlYXRlIjo2MDAwMDAwMDAwMDAsImRlbGV0ZSI6NjAwMDAwMDAwMDAwfX0=",
          "dependencies": [
            "openstack_networking_network_v2.n_bbdd"
          ]
        }
      ]
    },
    {
      "mode": "managed",
      "type": "openstack_networking_subnet_v2",
      "name": "s_pub",
      "provider": "provider[\"registry.terraform.io/terraform-provider-openstack/openstack\"]",
      "instances": [
        {
          "schema_version": 0,
          "attributes": {
            "all_tags": [],
            "allocation_pool": [
              {
                "end": "172.24.4.200",
                "start": "172.24.4.10"
              }
            ],
            "cidr": "172.24.4.0/24",
            "description": "",
            "dns_nameservers": null,
            "enable_dhcp": false,
            "gateway_ip": "172.24.4.1",
            "id": "0069da1b-50fe-412a-af96-e299c830f979",
            "ip_version": 4,
            "ipv6_address_mode": "",
            "ipv6_ra_mode": "",
            "name": "",
            "network_id": "3f223315-adea-407b-b859-015585a16a56",
            "no_gateway": false,
            "prefix_length": null,
            "region": "RegionOne",
            "service_types": [],
            "subnetpool_id": "",
            "tags": null,
            "tenant_id": "81a9eb75059545b397d7e92b60bfb071",
            "timeouts": null,
            "value_specs": null
          },
          "sensitive_attributes": [],
          "private": "eyJlMmJmYjczMC1lY2FhLTExZTYtOGY4OC0zNDM2M2JjN2M0YzAiOnsiY3JlYXRlIjo2MDAwMDAwMDAwMDAsImRlbGV0ZSI6NjAwMDAwMDAwMDAwfX0=",
          "dependencies": [
            "openstack_networking_network_v2.n_pub"
          ]
        }
      ]
    },
    {
      "mode": "managed",
      "type": "openstack_networking_subnet_v2",
      "name": "s_web",
      "provider": "provider[\"registry.terraform.io/terraform-provider-openstack/openstack\"]",
      "instances": [
        {
          "schema_version": 0,
          "attributes": {
            "all_tags": [],
            "allocation_pool": [
              {
                "end": "10.0.0.254",
                "start": "10.0.0.2"
              }
            ],
            "cidr": "10.0.0.0/24",
            "description": "",
            "dns_nameservers": null,
            "enable_dhcp": true,
            "gateway_ip": "10.0.0.1",
            "id": "72c347e6-5df8-42b6-a597-c83d059e9e80",
            "ip_version": 4,
            "ipv6_address_mode": "",
            "ipv6_ra_mode": "",
            "name": "s_web",
            "network_id": "6d0e4e41-da81-4237-9eeb-87559d364fc6",
            "no_gateway": false,
            "prefix_length": null,
            "region": "RegionOne",
            "service_types": [],
            "subnetpool_id": "",
            "tags": null,
            "tenant_id": "81a9eb75059545b397d7e92b60bfb071",
            "timeouts": null,
            "value_specs": null
          },
          "sensitive_attributes": [],
          "private": "eyJlMmJmYjczMC1lY2FhLTExZTYtOGY4OC0zNDM2M2JjN2M0YzAiOnsiY3JlYXRlIjo2MDAwMDAwMDAwMDAsImRlbGV0ZSI6NjAwMDAwMDAwMDAwfX0=",
          "dependencies": [
            "openstack_networking_network_v2.n_web"
          ]
        }
      ]
    }
  ],
  "check_results": null
}
